// !$*UTF8*$!
{
	archiveVersion = 1;
	classes = {
	};
	objectVersion = 46;
	objects = {

/* Begin PBXBuildFile section */
		5599E1231BBB00F5002B6DCB /* main.m in Sources */ = {isa = PBXBuildFile; fileRef = 5599E1221BBB00F5002B6DCB /* main.m */; };
		5599E1261BBB00F5002B6DCB /* AppDelegate.m in Sources */ = {isa = PBXBuildFile; fileRef = 5599E1251BBB00F5002B6DCB /* AppDelegate.m */; };
		5599E1291BBB00F5002B6DCB /* ViewController.m in Sources */ = {isa = PBXBuildFile; fileRef = 5599E1281BBB00F5002B6DCB /* ViewController.m */; };
		5599E12C1BBB00F5002B6DCB /* Main.storyboard in Resources */ = {isa = PBXBuildFile; fileRef = 5599E12A1BBB00F5002B6DCB /* Main.storyboard */; };
		5599E12F1BBB00F5002B6DCB /* GetItDone.xcdatamodeld in Sources */ = {isa = PBXBuildFile; fileRef = 5599E12D1BBB00F5002B6DCB /* GetItDone.xcdatamodeld */; };
		5599E1311BBB00F5002B6DCB /* Assets.xcassets in Resources */ = {isa = PBXBuildFile; fileRef = 5599E1301BBB00F5002B6DCB /* Assets.xcassets */; };
		5599E1341BBB00F5002B6DCB /* LaunchScreen.storyboard in Resources */ = {isa = PBXBuildFile; fileRef = 5599E1321BBB00F5002B6DCB /* LaunchScreen.storyboard */; };
/* End PBXBuildFile section */

/* Begin PBXFileReference section */
		5599E11E1BBB00F5002B6DCB /* GetItDone.app */ = {isa = PBXFileReference; explicitFileType = wrapper.application; includeInIndex = 0; path = GetItDone.app; sourceTree = BUILT_PRODUCTS_DIR; };
		5599E1221BBB00F5002B6DCB /* main.m */ = {isa = PBXFileReference; lastKnownFileType = sourcecode.c.objc; path = main.m; sourceTree = "<group>"; };
		5599E1241BBB00F5002B6DCB /* AppDelegate.h */ = {isa = PBXFileReference; lastKnownFileType = sourcecode.c.h; path = AppDelegate.h; sourceTree = "<group>"; };
		5599E1251BBB00F5002B6DCB /* AppDelegate.m */ = {isa = PBXFileReference; lastKnownFileType = sourcecode.c.objc; path = AppDelegate.m; sourceTree = "<group>"; };
		5599E1271BBB00F5002B6DCB /* ViewController.h */ = {isa = PBXFileReference; lastKnownFileType = sourcecode.c.h; path = ViewController.h; sourceTree = "<group>"; };
		5599E1281BBB00F5002B6DCB /* ViewController.m */ = {isa = PBXFileReference; lastKnownFileType = sourcecode.c.objc; path = ViewController.m; sourceTree = "<group>"; };
		5599E12B1BBB00F5002B6DCB /* Base */ = {isa = PBXFileReference; lastKnownFileType = file.storyboard; name = Base; path = Base.lproj/Main.storyboard; sourceTree = "<group>"; };
		5599E12E1BBB00F5002B6DCB /* GetItDone.xcdatamodel */ = {isa = PBXFileReference; lastKnownFileType = wrapper.xcdatamodel; path = GetItDone.xcdatamodel; sourceTree = "<group>"; };
		5599E1301BBB00F5002B6DCB /* Assets.xcassets */ = {isa = PBXFileReference; lastKnownFileType = folder.assetcatalog; path = Assets.xcassets; sourceTree = "<group>"; };
		5599E1331BBB00F5002B6DCB /* Base */ = {isa = PBXFileReference; lastKnownFileType = file.storyboard; name = Base; path = Base.lproj/LaunchScreen.storyboard; sourceTree = "<group>"; };
		5599E1351BBB00F5002B6DCB /* Info.plist */ = {isa = PBXFileReference; lastKnownFileType = text.plist.xml; path = Info.plist; sourceTree = "<group>"; };
/* End PBXFileReference section */

/* Begin PBXFrameworksBuildPhase section */
		5599E11B1BBB00F5002B6DCB /* Frameworks */ = {
			isa = PBXFrameworksBuildPhase;
			buildActionMask = 2147483647;
			files = (
			);
			runOnlyForDeploymentPostprocessing = 0;
		};
/* End PBXFrameworksBuildPhase section */

/* Begin PBXGroup section */
		5599E1151BBB00F5002B6DCB = {
			isa = PBXGroup;
			children = (
				5599E1201BBB00F5002B6DCB /* GetItDone */,
				5599E11F1BBB00F5002B6DCB /* Products */,
			);
			sourceTree = "<group>";
		};
		5599E11F1BBB00F5002B6DCB /* Products */ = {
			isa = PBXGroup;
			children = (
				5599E11E1BBB00F5002B6DCB /* GetItDone.app */,
			);
			name = Products;
			sourceTree = "<group>";
		};
		5599E1201BBB00F5002B6DCB /* GetItDone */ = {
			isa = PBXGroup;
			children = (
				5599E1241BBB00F5002B6DCB /* AppDelegate.h */,
				5599E1251BBB00F5002B6DCB /* AppDelegate.m */,
				5599E1271BBB00F5002B6DCB /* ViewController.h */,
				5599E1281BBB00F5002B6DCB /* ViewController.m */,
				5599E12A1BBB00F5002B6DCB /* Main.storyboard */,
				5599E1301BBB00F5002B6DCB /* Assets.xcassets */,
				5599E1321BBB00F5002B6DCB /* LaunchScreen.storyboard */,
				5599E1351BBB00F5002B6DCB /* Info.plist */,
				5599E12D1BBB00F5002B6DCB /* GetItDone.xcdatamodeld */,
				5599E1211BBB00F5002B6DCB /* Supporting Files */,
			);
			path = GetItDone;
			sourceTree = "<group>";
		};
		5599E1211BBB00F5002B6DCB /* Supporting Files */ = {
			isa = PBXGroup;
			children = (
				5599E1221BBB00F5002B6DCB /* main.m */,
			);
			name = "Supporting Files";
			sourceTree = "<group>";
		};
/* End PBXGroup section */

/* Begin PBXNativeTarget section */
		5599E11D1BBB00F5002B6DCB /* GetItDone */ = {
			isa = PBXNativeTarget;
			buildConfigurationList = 5599E1381BBB00F5002B6DCB /* Build configuration list for PBXNativeTarget "GetItDone" */;
			buildPhases = (
				5599E11A1BBB00F5002B6DCB /* Sources */,
				5599E11B1BBB00F5002B6DCB /* Frameworks */,
				5599E11C1BBB00F5002B6DCB /* Resources */,
			);
			buildRules = (
			);
			dependencies = (
			);
			name = GetItDone;
			productName = GetItDone;
			productReference = 5599E11E1BBB00F5002B6DCB /* GetItDone.app */;
			productType = "com.apple.product-type.application";
		};
/* End PBXNativeTarget section */

/* Begin PBXProject section */
		5599E1161BBB00F5002B6DCB /* Project object */ = {
			isa = PBXProject;
			attributes = {
				LastUpgradeCheck = 0700;
				ORGANIZATIONNAME = "Mike Henry";
				TargetAttributes = {
					5599E11D1BBB00F5002B6DCB = {
						CreatedOnToolsVersion = 7.0;
					};
				};
			};
			buildConfigurationList = 5599E1191BBB00F5002B6DCB /* Build configuration list for PBXProject "GetItDone" */;
			compatibilityVersion = "Xcode 3.2";
			developmentRegion = English;
			hasScannedForEncodings = 0;
			knownRegions = (
				en,
				Base,
			);
			mainGroup = 5599E1151BBB00F5002B6DCB;
			productRefGroup = 5599E11F1BBB00F5002B6DCB /* Products */;
			projectDirPath = "";
			projectRoot = "";
			targets = (
				5599E11D1BBB00F5002B6DCB /* GetItDone */,
			);
		};
/* End PBXProject section */

/* Begin PBXResourcesBuildPhase section */
		5599E11C1BBB00F5002B6DCB /* Resources */ = {
			isa = PBXResourcesBuildPhase;
			buildActionMask = 2147483647;
			files = (
				5599E1341BBB00F5002B6DCB /* LaunchScreen.storyboard in Resources */,
				5599E1311BBB00F5002B6DCB /* Assets.xcassets in Resources */,
				5599E12C1BBB00F5002B6DCB /* Main.storyboard in Resources */,
			);
			runOnlyForDeploymentPostprocessing = 0;
		};
/* End PBXResourcesBuildPhase section */

/* Begin PBXSourcesBuildPhase section */
		5599E11A1BBB00F5002B6DCB /* Sources */ = {
			isa = PBXSourcesBuildPhase;
			buildActionMask = 2147483647;
			files = (
				5599E1291BBB00F5002B6DCB /* ViewController.m in Sources */,
				5599E12F1BBB00F5002B6DCB /* GetItDone.xcdatamodeld in Sources */,
				5599E1261BBB00F5002B6DCB /* AppDelegate.m in Sources */,
				5599E1231BBB00F5002B6DCB /* main.m in Sources */,
			);
			runOnlyForDeploymentPostprocessing = 0;
		};
/* End PBXSourcesBuildPhase section */

/* Begin PBXVariantGroup section */
		5599E12A1BBB00F5002B6DCB /* Main.storyboard */ = {
			isa = PBXVariantGroup;
			children = (
				5599E12B1BBB00F5002B6DCB /* Base */,
			);
			name = Main.storyboard;
			sourceTree = "<group>";
		};
		5599E1321BBB00F5002B6DCB /* LaunchScreen.storyboard */ = {
			isa = PBXVariantGroup;
			children = (
				5599E1331BBB00F5002B6DCB /* Base */,
			);
			name = LaunchScreen.storyboard;
			sourceTree = "<group>";
		};
/* End PBXVariantGroup section */

/* Begin XCBuildConfiguration section */
		5599E1361BBB00F5002B6DCB /* Debug */ = {
			isa = XCBuildConfiguration;
			buildSettings = {
				ALWAYS_SEARCH_USER_PATHS = NO;
				CLANG_CXX_LANGUAGE_STANDARD = "gnu++0x";
				CLANG_CXX_LIBRARY = "libc++";
				CLANG_ENABLE_MODULES = YES;
				CLANG_ENABLE_OBJC_ARC = YES;
				CLANG_WARN_BOOL_CONVERSION = YES;
				CLANG_WARN_CONSTANT_CONVERSION = YES;
				CLANG_WARN_DIRECT_OBJC_ISA_USAGE = YES_ERROR;
				CLANG_WARN_EMPTY_BODY = YES;
				CLANG_WARN_ENUM_CONVERSION = YES;
				CLANG_WARN_INT_CONVERSION = YES;
				CLANG_WARN_OBJC_ROOT_CLASS = YES_ERROR;
				CLANG_WARN_UNREACHABLE_CODE = YES;
				CLANG_WARN__DUPLICATE_METHOD_MATCH = YES;
				"CODE_SIGN_IDENTITY[sdk=iphoneos*]" = "iPhone Developer";
				COPY_PHASE_STRIP = NO;
				DEBUG_INFORMATION_FORMAT = dwarf;
				ENABLE_STRICT_OBJC_MSGSEND = YES;
				ENABLE_TESTABILITY = YES;
				GCC_C_LANGUAGE_STANDARD = gnu99;
				GCC_DYNAMIC_NO_PIC = NO;
				GCC_NO_COMMON_BLOCKS = YES;
				GCC_OPTIMIZATION_LEVEL = 0;
				GCC_PREPROCESSOR_DEFINITIONS = (
					"DEBUG=1",
					"$(inherited)",
				);
				GCC_WARN_64_TO_32_BIT_CONVERSION = YES;
				GCC_WARN_ABOUT_RETURN_TYPE = YES_ERROR;
				GCC_WARN_UNDECLARED_SELECTOR = YES;
				GCC_WARN_UNINITIALIZED_AUTOS = YES_AGGRESSIVE;
				GCC_WARN_UNUSED_FUNCTION = YES;
				GCC_WARN_UNUSED_VARIABLE = YES;
				IPHONEOS_DEPLOYMENT_TARGET = 9.0;
				MTL_ENABLE_DEBUG_INFO = YES;
				ONLY_ACTIVE_ARCH = YES;
				SDKROOT = iphoneos;
			};
			name = Debug;
		};
		5599E1371BBB00F5002B6DCB /* Release */ = {
			isa = XCBuildConfiguration;
			buildSettings = {
				ALWAYS_SEARCH_USER_PATHS = NO;
				CLANG_CXX_LANGUAGE_STANDARD = "gnu++0x";
				CLANG_CXX_LIBRARY = "libc++";
				CLANG_ENABLE_MODULES = YES;
				CLANG_ENABLE_OBJC_ARC = YES;
				CLANG_WARN_BOOL_CONVERSION = YES;
				CLANG_WARN_CONSTANT_CONVERSION = YES;
				CLANG_WARN_DIRECT_OBJC_ISA_USAGE = YES_ERROR;
				CLANG_WARN_EMPTY_BODY = YES;
				CLANG_WARN_ENUM_CONVERSION = YES;
				CLANG_WARN_INT_CONVERSION = YES;
				CLANG_WARN_OBJC_ROOT_CLASS = YES_ERROR;
				CLANG_WARN_UNREACHABLE_CODE = YES;
				CLANG_WARN__DUPLICATE_METHOD_MATCH = YES;
				"CODE_SIGN_IDENTITY[sdk=iphoneos*]" = "iPhone Developer";
				COPY_PHASE_STRIP = NO;
				DEBUG_INFORMATION_FORMAT = "dwarf-with-dsym";
				ENABLE_NS_ASSERTIONS = NO;
				ENABLE_STRICT_OBJC_MSGSEND = YES;
				GCC_C_LANGUAGE_STANDARD = gnu99;
				GCC_NO_COMMON_BLOCKS = YES;
				GCC_WARN_64_TO_32_BIT_CONVERSION = YES;
				GCC_WARN_ABOUT_RETURN_TYPE = YES_ERROR;
				GCC_WARN_UNDECLARED_SELECTOR = YES;
				GCC_WARN_UNINITIALIZED_AUTOS = YES_AGGRESSIVE;
				GCC_WARN_UNUSED_FUNCTION = YES;
				GCC_WARN_UNUSED_VARIABLE = YES;
				IPHONEOS_DEPLOYMENT_TARGET = 9.0;
				MTL_ENABLE_DEBUG_INFO = NO;
				SDKROOT = iphoneos;
				VALIDATE_PRODUCT = YES;
			};
			name = Release;
		};
		5599E1391BBB00F5002B6DCB /* Debug */ = {
			isa = XCBuildConfiguration;
			buildSettings = {
				ASSETCATALOG_COMPILER_APPICON_NAME = AppIcon;
				INFOPLIST_FILE = GetItDone/Info.plist;
				LD_RUNPATH_SEARCH_PATHS = "$(inherited) @executable_path/Frameworks";
				PRODUCT_BUNDLE_IDENTIFIER = henrymike.GetItDone;
				PRODUCT_NAME = "$(TARGET_NAME)";
			};
			name = Debug;
		};
		5599E13A1BBB00F5002B6DCB /* Release */ = {
			isa = XCBuildConfiguration;
			buildSettings = {
				ASSETCATALOG_COMPILER_APPICON_NAME = AppIcon;
				INFOPLIST_FILE = GetItDone/Info.plist;
				LD_RUNPATH_SEARCH_PATHS = "$(inherited) @executable_path/Frameworks";
				PRODUCT_BUNDLE_IDENTIFIER = henrymike.GetItDone;
				PRODUCT_NAME = "$(TARGET_NAME)";
			};
			name = Release;
		};
/* End XCBuildConfiguration section */

/* Begin XCConfigurationList section */
		5599E1191BBB00F5002B6DCB /* Build configuration list for PBXProject "GetItDone" */ = {
			isa = XCConfigurationList;
			buildConfigurations = (
				5599E1361BBB00F5002B6DCB /* Debug */,
				5599E1371BBB00F5002B6DCB /* Release */,
			);
			defaultConfigurationIsVisible = 0;
			defaultConfigurationName = Release;
		};
		5599E1381BBB00F5002B6DCB /* Build configuration list for PBXNativeTarget "GetItDone" */ = {
			isa = XCConfigurationList;
			buildConfigurations = (
				5599E1391BBB00F5002B6DCB /* Debug */,
				5599E13A1BBB00F5002B6DCB /* Release */,
			);
			defaultConfigurationIsVisible = 0;
		};
/* End XCConfigurationList section */

/* Begin XCVersionGroup section */
		5599E12D1BBB00F5002B6DCB /* GetItDone.xcdatamodeld */ = {
			isa = XCVersionGroup;
			children = (
				5599E12E1BBB00F5002B6DCB /* GetItDone.xcdatamodel */,
			);
			currentVersion = 5599E12E1BBB00F5002B6DCB /* GetItDone.xcdatamodel */;
			path = GetItDone.xcdatamodeld;
			sourceTree = "<group>";
			versionGroupType = wrapper.xcdatamodel;
		};
/* End XCVersionGroup section */
	};
	rootObject = 5599E1161BBB00F5002B6DCB /* Project object */;
}
